
Microsoft Visual Studio Solution File, Format Version 11.00
# Visual Studio 2010
Project("{2150E333-8FDC-42A3-9474-1A3956D46DE8}") = "UI", "UI", "{B1FB5795-2D65-4F30-A8EE-AEDB1335A584}"
EndProject
Project("{2150E333-8FDC-42A3-9474-1A3956D46DE8}") = "Controller", "Controller", "{01EBD455-AC52-45CB-A742-B444CA64B225}"
EndProject
Project("{2150E333-8FDC-42A3-9474-1A3956D46DE8}") = "Repository", "Repository", "{4A3B1E9F-4261-4685-BC1F-8CB960148619}"
EndProject
Project("{2150E333-8FDC-42A3-9474-1A3956D46DE8}") = "Service", "Service", "{DE3FDD25-E5B0-4B18-BD55-66861FB095F0}"
EndProject
Project("{FAE04EC0-301F-11D3-BF4B-00C04F79EFBC}") = "www", "www\www.csproj", "{96EA3BA0-EC39-4109-923C-A514E265B6F5}"
EndProject
Project("{FAE04EC0-301F-11D3-BF4B-00C04F79EFBC}") = "Ichari.Web", "Ichari.Web\Ichari.Web.csproj", "{4FCCA1B1-4326-4B4C-B35A-DDAD4C0DC0ED}"
EndProject
Project("{FAE04EC0-301F-11D3-BF4B-00C04F79EFBC}") = "Ichari.Model", "Ichari.Model\Ichari.Model.csproj", "{4C0E0B41-1499-477F-9A1D-7D489F92D679}"
EndProject
Project("{FAE04EC0-301F-11D3-BF4B-00C04F79EFBC}") = "Ichari.Repository", "Ichari.Repository\Ichari.Repository.csproj", "{BF83C012-1F59-42DB-95BB-B689D402A04B}"
EndProject
Project("{FAE04EC0-301F-11D3-BF4B-00C04F79EFBC}") = "BaseRepository", "BaseRepository\BaseRepository.csproj", "{257F2384-6B85-451C-BF17-B4509F826BAE}"
EndProject
Project("{FAE04EC0-301F-11D3-BF4B-00C04F79EFBC}") = "Ichari.IRepository", "Ichari.IRepository\Ichari.IRepository.csproj", "{F6B79903-4D4A-4387-A9BD-A3C5259A59DD}"
EndProject
Project("{FAE04EC0-301F-11D3-BF4B-00C04F79EFBC}") = "Ichari.IService", "Ichari.IService\Ichari.IService.csproj", "{AC480008-3CDB-4B93-A0EF-FA6B132DC222}"
EndProject
Project("{FAE04EC0-301F-11D3-BF4B-00C04F79EFBC}") = "Ichari.Service", "Ichari.Service\Ichari.Service.csproj", "{6C1B613D-05C5-4F95-8705-72D0B67CB635}"
EndProject
Project("{FAE04EC0-301F-11D3-BF4B-00C04F79EFBC}") = "Ichari.Uow", "Ichari.Uow\Ichari.Uow.csproj", "{A3B541DB-B4F9-4FE2-B47F-D1E19CDE87BB}"
EndProject
Project("{FAE04EC0-301F-11D3-BF4B-00C04F79EFBC}") = "Ichari.Common", "Ichari.Common\Ichari.Common.csproj", "{C4F07AA0-B3F1-4E20-803B-4638FC91A47A}"
EndProject
Project("{FAE04EC0-301F-11D3-BF4B-00C04F79EFBC}") = "Ichari.Cache", "Ichari.Cache\Ichari.Cache.csproj", "{03626CCA-934F-47AB-8683-D89681EADA46}"
EndProject
Project("{FAE04EC0-301F-11D3-BF4B-00C04F79EFBC}") = "Ichari.Admin", "Ichari.Admin\Ichari.Admin.csproj", "{D2633475-226D-4A9D-80F2-5605D9092252}"
EndProject
Project("{FAE04EC0-301F-11D3-BF4B-00C04F79EFBC}") = "Admin", "Admin\Admin.csproj", "{EC481051-C71A-4E04-A2CD-3BD041260FC9}"
EndProject
Project("{FAE04EC0-301F-11D3-BF4B-00C04F79EFBC}") = "Pay", "Pay\Pay.csproj", "{2B6149EC-0EED-4A51-AB27-9CF74D6405BE}"
EndProject
Project("{FAE04EC0-301F-11D3-BF4B-00C04F79EFBC}") = "Ichari.Pay", "Ichari.Pay\Ichari.Pay.csproj", "{B6CD18AB-343A-4E61-89BC-229FE858A72D}"
EndProject
Project("{FAE04EC0-301F-11D3-BF4B-00C04F79EFBC}") = "Static", "Static\Static.csproj", "{9C01CF16-3033-4836-9503-64C380F0A83E}"
EndProject
Project("{FAE04EC0-301F-11D3-BF4B-00C04F79EFBC}") = "Ichari.Sync", "Ichari.Sync\Ichari.Sync.csproj", "{3076A0DF-C906-415B-B0F2-F5712304289E}"
EndProject
Global
	GlobalSection(SolutionConfigurationPlatforms) = preSolution
		Debug|Any CPU = Debug|Any CPU
		Release|Any CPU = Release|Any CPU
	EndGlobalSection
	GlobalSection(ProjectConfigurationPlatforms) = postSolution
		{96EA3BA0-EC39-4109-923C-A514E265B6F5}.Debug|Any CPU.ActiveCfg = Debug|Any CPU
		{96EA3BA0-EC39-4109-923C-A514E265B6F5}.Debug|Any CPU.Build.0 = Debug|Any CPU
		{96EA3BA0-EC39-4109-923C-A514E265B6F5}.Release|Any CPU.ActiveCfg = Release|Any CPU
		{96EA3BA0-EC39-4109-923C-A514E265B6F5}.Release|Any CPU.Build.0 = Release|Any CPU
		{4FCCA1B1-4326-4B4C-B35A-DDAD4C0DC0ED}.Debug|Any CPU.ActiveCfg = Debug|Any CPU
		{4FCCA1B1-4326-4B4C-B35A-DDAD4C0DC0ED}.Debug|Any CPU.Build.0 = Debug|Any CPU
		{4FCCA1B1-4326-4B4C-B35A-DDAD4C0DC0ED}.Release|Any CPU.ActiveCfg = Release|Any CPU
		{4FCCA1B1-4326-4B4C-B35A-DDAD4C0DC0ED}.Release|Any CPU.Build.0 = Release|Any CPU
		{4C0E0B41-1499-477F-9A1D-7D489F92D679}.Debug|Any CPU.ActiveCfg = Debug|Any CPU
		{4C0E0B41-1499-477F-9A1D-7D489F92D679}.Debug|Any CPU.Build.0 = Debug|Any CPU
		{4C0E0B41-1499-477F-9A1D-7D489F92D679}.Release|Any CPU.ActiveCfg = Release|Any CPU
		{4C0E0B41-1499-477F-9A1D-7D489F92D679}.Release|Any CPU.Build.0 = Release|Any CPU
		{BF83C012-1F59-42DB-95BB-B689D402A04B}.Debug|Any CPU.ActiveCfg = Debug|Any CPU
		{BF83C012-1F59-42DB-95BB-B689D402A04B}.Debug|Any CPU.Build.0 = Debug|Any CPU
		{BF83C012-1F59-42DB-95BB-B689D402A04B}.Release|Any CPU.ActiveCfg = Release|Any CPU
		{BF83C012-1F59-42DB-95BB-B689D402A04B}.Release|Any CPU.Build.0 = Release|Any CPU
		{257F2384-6B85-451C-BF17-B4509F826BAE}.Debug|Any CPU.ActiveCfg = Debug|Any CPU
		{257F2384-6B85-451C-BF17-B4509F826BAE}.Debug|Any CPU.Build.0 = Debug|Any CPU
		{257F2384-6B85-451C-BF17-B4509F826BAE}.Release|Any CPU.ActiveCfg = Release|Any CPU
		{257F2384-6B85-451C-BF17-B4509F826BAE}.Release|Any CPU.Build.0 = Release|Any CPU
		{F6B79903-4D4A-4387-A9BD-A3C5259A59DD}.Debug|Any CPU.ActiveCfg = Debug|Any CPU
		{F6B79903-4D4A-4387-A9BD-A3C5259A59DD}.Debug|Any CPU.Build.0 = Debug|Any CPU
		{F6B79903-4D4A-4387-A9BD-A3C5259A59DD}.Release|Any CPU.ActiveCfg = Release|Any CPU
		{F6B79903-4D4A-4387-A9BD-A3C5259A59DD}.Release|Any CPU.Build.0 = Release|Any CPU
		{AC480008-3CDB-4B93-A0EF-FA6B132DC222}.Debug|Any CPU.ActiveCfg = Debug|Any CPU
		{AC480008-3CDB-4B93-A0EF-FA6B132DC222}.Debug|Any CPU.Build.0 = Debug|Any CPU
		{AC480008-3CDB-4B93-A0EF-FA6B132DC222}.Release|Any CPU.ActiveCfg = Release|Any CPU
		{AC480008-3CDB-4B93-A0EF-FA6B132DC222}.Release|Any CPU.Build.0 = Release|Any CPU
		{6C1B613D-05C5-4F95-8705-72D0B67CB635}.Debug|Any CPU.ActiveCfg = Debug|Any CPU
		{6C1B613D-05C5-4F95-8705-72D0B67CB635}.Debug|Any CPU.Build.0 = Debug|Any CPU
		{6C1B613D-05C5-4F95-8705-72D0B67CB635}.Release|Any CPU.ActiveCfg = Release|Any CPU
		{6C1B613D-05C5-4F95-8705-72D0B67CB635}.Release|Any CPU.Build.0 = Release|Any CPU
		{A3B541DB-B4F9-4FE2-B47F-D1E19CDE87BB}.Debug|Any CPU.ActiveCfg = Debug|Any CPU
		{A3B541DB-B4F9-4FE2-B47F-D1E19CDE87BB}.Debug|Any CPU.Build.0 = Debug|Any CPU
		{A3B541DB-B4F9-4FE2-B47F-D1E19CDE87BB}.Release|Any CPU.ActiveCfg = Release|Any CPU
		{A3B541DB-B4F9-4FE2-B47F-D1E19CDE87BB}.Release|Any CPU.Build.0 = Release|Any CPU
		{C4F07AA0-B3F1-4E20-803B-4638FC91A47A}.Debug|Any CPU.ActiveCfg = Debug|Any CPU
		{C4F07AA0-B3F1-4E20-803B-4638FC91A47A}.Debug|Any CPU.Build.0 = Debug|Any CPU
		{C4F07AA0-B3F1-4E20-803B-4638FC91A47A}.Release|Any CPU.ActiveCfg = Release|Any CPU
		{C4F07AA0-B3F1-4E20-803B-4638FC91A47A}.Release|Any CPU.Build.0 = Release|Any CPU
		{03626CCA-934F-47AB-8683-D89681EADA46}.Debug|Any CPU.ActiveCfg = Debug|Any CPU
		{03626CCA-934F-47AB-8683-D89681EADA46}.Debug|Any CPU.Build.0 = Debug|Any CPU
		{03626CCA-934F-47AB-8683-D89681EADA46}.Release|Any CPU.ActiveCfg = Release|Any CPU
		{03626CCA-934F-47AB-8683-D89681EADA46}.Release|Any CPU.Build.0 = Release|Any CPU
		{D2633475-226D-4A9D-80F2-5605D9092252}.Debug|Any CPU.ActiveCfg = Debug|Any CPU
		{D2633475-226D-4A9D-80F2-5605D9092252}.Debug|Any CPU.Build.0 = Debug|Any CPU
		{D2633475-226D-4A9D-80F2-5605D9092252}.Release|Any CPU.ActiveCfg = Release|Any CPU
		{D2633475-226D-4A9D-80F2-5605D9092252}.Release|Any CPU.Build.0 = Release|Any CPU
		{EC481051-C71A-4E04-A2CD-3BD041260FC9}.Debug|Any CPU.ActiveCfg = Debug|Any CPU
		{EC481051-C71A-4E04-A2CD-3BD041260FC9}.Debug|Any CPU.Build.0 = Debug|Any CPU
		{EC481051-C71A-4E04-A2CD-3BD041260FC9}.Release|Any CPU.ActiveCfg = Release|Any CPU
		{EC481051-C71A-4E04-A2CD-3BD041260FC9}.Release|Any CPU.Build.0 = Release|Any CPU
		{2B6149EC-0EED-4A51-AB27-9CF74D6405BE}.Debug|Any CPU.ActiveCfg = Debug|Any CPU
		{2B6149EC-0EED-4A51-AB27-9CF74D6405BE}.Debug|Any CPU.Build.0 = Debug|Any CPU
		{2B6149EC-0EED-4A51-AB27-9CF74D6405BE}.Release|Any CPU.ActiveCfg = Release|Any CPU
		{2B6149EC-0EED-4A51-AB27-9CF74D6405BE}.Release|Any CPU.Build.0 = Release|Any CPU
		{B6CD18AB-343A-4E61-89BC-229FE858A72D}.Debug|Any CPU.ActiveCfg = Debug|Any CPU
		{B6CD18AB-343A-4E61-89BC-229FE858A72D}.Debug|Any CPU.Build.0 = Debug|Any CPU
		{B6CD18AB-343A-4E61-89BC-229FE858A72D}.Release|Any CPU.ActiveCfg = Release|Any CPU
		{B6CD18AB-343A-4E61-89BC-229FE858A72D}.Release|Any CPU.Build.0 = Release|Any CPU
		{9C01CF16-3033-4836-9503-64C380F0A83E}.Debug|Any CPU.ActiveCfg = Debug|Any CPU
		{9C01CF16-3033-4836-9503-64C380F0A83E}.Debug|Any CPU.Build.0 = Debug|Any CPU
		{9C01CF16-3033-4836-9503-64C380F0A83E}.Release|Any CPU.ActiveCfg = Release|Any CPU
		{9C01CF16-3033-4836-9503-64C380F0A83E}.Release|Any CPU.Build.0 = Release|Any CPU
		{3076A0DF-C906-415B-B0F2-F5712304289E}.Debug|Any CPU.ActiveCfg = Debug|Any CPU
		{3076A0DF-C906-415B-B0F2-F5712304289E}.Debug|Any CPU.Build.0 = Debug|Any CPU
		{3076A0DF-C906-415B-B0F2-F5712304289E}.Release|Any CPU.ActiveCfg = Release|Any CPU
		{3076A0DF-C906-415B-B0F2-F5712304289E}.Release|Any CPU.Build.0 = Release|Any CPU
	EndGlobalSection
	GlobalSection(SolutionProperties) = preSolution
		HideSolutionNode = FALSE
	EndGlobalSection
	GlobalSection(NestedProjects) = preSolution
		{96EA3BA0-EC39-4109-923C-A514E265B6F5} = {B1FB5795-2D65-4F30-A8EE-AEDB1335A584}
		{EC481051-C71A-4E04-A2CD-3BD041260FC9} = {B1FB5795-2D65-4F30-A8EE-AEDB1335A584}
		{2B6149EC-0EED-4A51-AB27-9CF74D6405BE} = {B1FB5795-2D65-4F30-A8EE-AEDB1335A584}
		{9C01CF16-3033-4836-9503-64C380F0A83E} = {B1FB5795-2D65-4F30-A8EE-AEDB1335A584}
		{4FCCA1B1-4326-4B4C-B35A-DDAD4C0DC0ED} = {01EBD455-AC52-45CB-A742-B444CA64B225}
		{D2633475-226D-4A9D-80F2-5605D9092252} = {01EBD455-AC52-45CB-A742-B444CA64B225}
		{B6CD18AB-343A-4E61-89BC-229FE858A72D} = {01EBD455-AC52-45CB-A742-B444CA64B225}
		{4C0E0B41-1499-477F-9A1D-7D489F92D679} = {4A3B1E9F-4261-4685-BC1F-8CB960148619}
		{BF83C012-1F59-42DB-95BB-B689D402A04B} = {4A3B1E9F-4261-4685-BC1F-8CB960148619}
		{257F2384-6B85-451C-BF17-B4509F826BAE} = {4A3B1E9F-4261-4685-BC1F-8CB960148619}
		{F6B79903-4D4A-4387-A9BD-A3C5259A59DD} = {4A3B1E9F-4261-4685-BC1F-8CB960148619}
		{AC480008-3CDB-4B93-A0EF-FA6B132DC222} = {DE3FDD25-E5B0-4B18-BD55-66861FB095F0}
		{6C1B613D-05C5-4F95-8705-72D0B67CB635} = {DE3FDD25-E5B0-4B18-BD55-66861FB095F0}
		{A3B541DB-B4F9-4FE2-B47F-D1E19CDE87BB} = {DE3FDD25-E5B0-4B18-BD55-66861FB095F0}
	EndGlobalSection
	GlobalSection(ExtensibilityGlobals) = postSolution
		EnterpriseLibraryConfigurationToolBinariesPath = packages\Unity.2.1.505.0\lib\NET35
	EndGlobalSection
EndGlobal
