
Microsoft Visual Studio Solution File, Format Version 11.00
# Visual Studio 2010
Project("{FAE04EC0-301F-11D3-BF4B-00C04F79EFBC}") = "SLS.Lottery", "SLS.Lottery.csproj", "{35590594-EA3D-4BBC-A111-35A561F1CEC3}"
EndProject
Global
	GlobalSection(SolutionConfigurationPlatforms) = preSolution
		Debug|Any CPU = Debug|Any CPU
		Release|Any CPU = Release|Any CPU
	EndGlobalSection
	GlobalSection(ProjectConfigurationPlatforms) = postSolution
		{35590594-EA3D-4BBC-A111-35A561F1CEC3}.Debug|Any CPU.ActiveCfg = Debug|Any CPU
		{35590594-EA3D-4BBC-A111-35A561F1CEC3}.Debug|Any CPU.Build.0 = Debug|Any CPU
		{35590594-EA3D-4BBC-A111-35A561F1CEC3}.Release|Any CPU.ActiveCfg = Release|Any CPU
		{35590594-EA3D-4BBC-A111-35A561F1CEC3}.Release|Any CPU.Build.0 = Release|Any CPU
	EndGlobalSection
	GlobalSection(SolutionProperties) = preSolution
		HideSolutionNode = FALSE
	EndGlobalSection
EndGlobal
